{
  "name": "mskhurana-doublylinkedlist",
  "version": "1.0.0",
  "lockfileVersion": 3,
  "requires": true,
  "packages": {
    "": {
      "name": "mskhurana-doublylinkedlist",
      "version": "1.0.0",
      "license": "MIT",
      "dependencies": {
        "mskhurana-doublylinkedlistnode": "^1.0.0"
      }
    },
    "node_modules/mskhurana-doublylinkedlistnode": {
      "version": "1.0.0",
      "resolved": "https://registry.npmjs.org/mskhurana-doublylinkedlistnode/-/mskhurana-doublylinkedlistnode-1.0.0.tgz",
      "integrity": "sha512-OGN9Kew4FCJmd+L9G9vHJLrHJXnUAK5y9RmYyCvVV/TEbft3EWq6EECIrXtIhNKI1hTVXyA0luEETtY9Q0mxWQ==",
      "license": "MIT"
    }
  }
}
