{
  "name": "linkedlist",
  "version": "1.0.0",
  "lockfileVersion": 3,
  "requires": true,
  "packages": {
    "": {
      "name": "linkedlist",
      "version": "1.0.0",
      "license": "MIT",
      "dependencies": {
        "mskhurana-node": "^1.0.0"
      }
    },
    "node_modules/mskhurana-node": {
      "version": "1.0.0",
      "resolved": "https://registry.npmjs.org/mskhurana-node/-/mskhurana-node-1.0.0.tgz",
      "integrity": "sha512-aioTD11BsO3K6n47Jt4jYE3UKeJbWTO+ZLhc0nd5RXF13G4CK/RlN9XllAT5NJI/TaAAU2r9d++MBfc74YLa9g==",
      "license": "MIT"
    }
  }
}
