{
  "name": "9_stacksandqueues",
  "version": "1.0.0",
  "lockfileVersion": 3,
  "requires": true,
  "packages": {
    "": {
      "name": "9_stacksandqueues",
      "version": "1.0.0",
      "license": "MIT",
      "dependencies": {
        "mskhurana-queue": "^1.0.0",
        "mskhurana-stack": "^1.0.0"
      }
    },
    "node_modules/mskhurana-queue": {
      "version": "1.0.0",
      "resolved": "https://registry.npmjs.org/mskhurana-queue/-/mskhurana-queue-1.0.0.tgz",
      "integrity": "sha512-ym5MZ4sReR25S7fUpgKrWYaDqjQaxXadzO5cSCUCxGsOE0yT1FuF+D1QuxovTHWvx/e66uO5uNwc+blpP4oKfg==",
      "license": "MIT"
    },
    "node_modules/mskhurana-stack": {
      "version": "1.0.0",
      "resolved": "https://registry.npmjs.org/mskhurana-stack/-/mskhurana-stack-1.0.0.tgz",
      "integrity": "sha512-Lbh70x13nFTogls/Prgn/x21fldsNSDuhMIi/y25W4PrKjoLfkb2o070E9icZRKTv6yuv5LPQ7QawUqL9x3FsQ==",
      "license": "MIT"
    }
  }
}
